
Microsoft Visual Studio Solution File, Format Version 12.00
# Visual Studio Version 16
VisualStudioVersion = 16.0.32106.194
MinimumVisualStudioVersion = 10.0.40219.1
Project("{FAE04EC0-301F-11D3-BF4B-00C04F79EFBC}") = "Logger", "Logger\Logger.csproj", "{F5DAEA52-CCBD-4171-9765-541EAD83A7C9}"
EndProject
Project("{FAE04EC0-301F-11D3-BF4B-00C04F79EFBC}") = "EmployeeWeb", "EmployeeWeb\EmployeeWeb.csproj", "{B20EC0A8-1CEA-45A5-A92D-53702F143600}"
EndProject
Global
	GlobalSection(SolutionConfigurationPlatforms) = preSolution
		Debug|Any CPU = Debug|Any CPU
		Release|Any CPU = Release|Any CPU
	EndGlobalSection
	GlobalSection(ProjectConfigurationPlatforms) = postSolution
		{F5DAEA52-CCBD-4171-9765-541EAD83A7C9}.Debug|Any CPU.ActiveCfg = Debug|Any CPU
		{F5DAEA52-CCBD-4171-9765-541EAD83A7C9}.Debug|Any CPU.Build.0 = Debug|Any CPU
		{F5DAEA52-CCBD-4171-9765-541EAD83A7C9}.Release|Any CPU.ActiveCfg = Release|Any CPU
		{F5DAEA52-CCBD-4171-9765-541EAD83A7C9}.Release|Any CPU.Build.0 = Release|Any CPU
		{B20EC0A8-1CEA-45A5-A92D-53702F143600}.Debug|Any CPU.ActiveCfg = Debug|Any CPU
		{B20EC0A8-1CEA-45A5-A92D-53702F143600}.Debug|Any CPU.Build.0 = Debug|Any CPU
		{B20EC0A8-1CEA-45A5-A92D-53702F143600}.Release|Any CPU.ActiveCfg = Release|Any CPU
		{B20EC0A8-1CEA-45A5-A92D-53702F143600}.Release|Any CPU.Build.0 = Release|Any CPU
	EndGlobalSection
	GlobalSection(SolutionProperties) = preSolution
		HideSolutionNode = FALSE
	EndGlobalSection
	GlobalSection(ExtensibilityGlobals) = postSolution
		SolutionGuid = {09618DF9-22A8-4D72-AC22-08808CFC36CA}
	EndGlobalSection
EndGlobal
