
Microsoft Visual Studio Solution File, Format Version 12.00
# Visual Studio Version 16
VisualStudioVersion = 16.0.32106.194
MinimumVisualStudioVersion = 10.0.40219.1
Project("{FAE04EC0-301F-11D3-BF4B-00C04F79EFBC}") = "SingletonDemo", "SingletonDemo\SingletonDemo.csproj", "{D24929EC-F697-4BEC-9513-3A1B7F78A2E1}"
EndProject
Project("{FAE04EC0-301F-11D3-BF4B-00C04F79EFBC}") = "StaticDemo", "StaticDemo\StaticDemo.csproj", "{B700B603-A421-4A54-8C42-95C8D307BB30}"
EndProject
Global
	GlobalSection(SolutionConfigurationPlatforms) = preSolution
		Debug|Any CPU = Debug|Any CPU
		Release|Any CPU = Release|Any CPU
	EndGlobalSection
	GlobalSection(ProjectConfigurationPlatforms) = postSolution
		{D24929EC-F697-4BEC-9513-3A1B7F78A2E1}.Debug|Any CPU.ActiveCfg = Debug|Any CPU
		{D24929EC-F697-4BEC-9513-3A1B7F78A2E1}.Debug|Any CPU.Build.0 = Debug|Any CPU
		{D24929EC-F697-4BEC-9513-3A1B7F78A2E1}.Release|Any CPU.ActiveCfg = Release|Any CPU
		{D24929EC-F697-4BEC-9513-3A1B7F78A2E1}.Release|Any CPU.Build.0 = Release|Any CPU
		{B700B603-A421-4A54-8C42-95C8D307BB30}.Debug|Any CPU.ActiveCfg = Debug|Any CPU
		{B700B603-A421-4A54-8C42-95C8D307BB30}.Debug|Any CPU.Build.0 = Debug|Any CPU
		{B700B603-A421-4A54-8C42-95C8D307BB30}.Release|Any CPU.ActiveCfg = Release|Any CPU
		{B700B603-A421-4A54-8C42-95C8D307BB30}.Release|Any CPU.Build.0 = Release|Any CPU
	EndGlobalSection
	GlobalSection(SolutionProperties) = preSolution
		HideSolutionNode = FALSE
	EndGlobalSection
	GlobalSection(ExtensibilityGlobals) = postSolution
		SolutionGuid = {87B6525E-5F8B-4D45-9FD2-20928082B101}
	EndGlobalSection
EndGlobal
